
Microsoft Visual Studio Solution File, Format Version 12.00
# Visual Studio Version 16
VisualStudioVersion = 16.0.29709.97
MinimumVisualStudioVersion = 10.0.40219.1
Project("{FAE04EC0-301F-11D3-BF4B-00C04F79EFBC}") = "CMWholesalers", "CMWholesalers\CMWholesalers.csproj", "{419D7544-0E46-4025-8F79-8D19C6FB57AE}"
EndProject
Global
	GlobalSection(SolutionConfigurationPlatforms) = preSolution
		Debug|Any CPU = Debug|Any CPU
		Release|Any CPU = Release|Any CPU
	EndGlobalSection
	GlobalSection(ProjectConfigurationPlatforms) = postSolution
		{419D7544-0E46-4025-8F79-8D19C6FB57AE}.Debug|Any CPU.ActiveCfg = Debug|Any CPU
		{419D7544-0E46-4025-8F79-8D19C6FB57AE}.Debug|Any CPU.Build.0 = Debug|Any CPU
		{419D7544-0E46-4025-8F79-8D19C6FB57AE}.Release|Any CPU.ActiveCfg = Release|Any CPU
		{419D7544-0E46-4025-8F79-8D19C6FB57AE}.Release|Any CPU.Build.0 = Release|Any CPU
	EndGlobalSection
	GlobalSection(SolutionProperties) = preSolution
		HideSolutionNode = FALSE
	EndGlobalSection
	GlobalSection(ExtensibilityGlobals) = postSolution
		SolutionGuid = {8C625DC5-D1F4-4751-9F7B-1760699A7620}
	EndGlobalSection
EndGlobal
